// !$*UTF8*$!
{
	archiveVersion = 1;
	classes = {
	};
	objectVersion = 51;
	objects = {

/* Begin PBXBuildFile section */
		4B64D5A524B3DC8300932769 /* Post.m in Sources */ = {isa = PBXBuildFile; fileRef = 4B64D5A424B3DC8300932769 /* Post.m */; };
		4B64D5A924B3DEDB00932769 /* ComposeViewController.m in Sources */ = {isa = PBXBuildFile; fileRef = 4B64D5A824B3DEDB00932769 /* ComposeViewController.m */; };
		4B9D3BB124B429F200AD3540 /* PostCell.m in Sources */ = {isa = PBXBuildFile; fileRef = 4B9D3BB024B429F200AD3540 /* PostCell.m */; };
		4BC3C0F624B3CAEB00C201F9 /* LoginViewController.m in Sources */ = {isa = PBXBuildFile; fileRef = 4BC3C0F524B3CAEB00C201F9 /* LoginViewController.m */; };
		4BC3C0F924B3D34A00C201F9 /* FeedViewController.m in Sources */ = {isa = PBXBuildFile; fileRef = 4BC3C0F824B3D34A00C201F9 /* FeedViewController.m */; };
		4BD001AD24B3B0FF00208201 /* AppDelegate.m in Sources */ = {isa = PBXBuildFile; fileRef = 4BD001AC24B3B0FF00208201 /* AppDelegate.m */; };
		4BD001B024B3B0FF00208201 /* SceneDelegate.m in Sources */ = {isa = PBXBuildFile; fileRef = 4BD001AF24B3B0FF00208201 /* SceneDelegate.m */; };
		4BD001B624B3B0FF00208201 /* Main.storyboard in Resources */ = {isa = PBXBuildFile; fileRef = 4BD001B424B3B0FF00208201 /* Main.storyboard */; };
		4BD001B824B3B10000208201 /* Assets.xcassets in Resources */ = {isa = PBXBuildFile; fileRef = 4BD001B724B3B10000208201 /* Assets.xcassets */; };
		4BD001BB24B3B10000208201 /* LaunchScreen.storyboard in Resources */ = {isa = PBXBuildFile; fileRef = 4BD001B924B3B10000208201 /* LaunchScreen.storyboard */; };
		4BD001BE24B3B10000208201 /* main.m in Sources */ = {isa = PBXBuildFile; fileRef = 4BD001BD24B3B10000208201 /* main.m */; };
		4BD001C824B3B10000208201 /* instagramTests.m in Sources */ = {isa = PBXBuildFile; fileRef = 4BD001C724B3B10000208201 /* instagramTests.m */; };
		4BD001D324B3B10000208201 /* instagramUITests.m in Sources */ = {isa = PBXBuildFile; fileRef = 4BD001D224B3B10000208201 /* instagramUITests.m */; };
		4BE5508724B514C6007E819C /* DetailViewController.m in Sources */ = {isa = PBXBuildFile; fileRef = 4BE5508624B514C6007E819C /* DetailViewController.m */; };
		5132C543DAA85E5DA03BBCEE /* Pods_instagram_instagramUITests.framework in Frameworks */ = {isa = PBXBuildFile; fileRef = CBA965EFFFFF0657783E7016 /* Pods_instagram_instagramUITests.framework */; };
		814DC20604C5580EF883220E /* Pods_instagramTests.framework in Frameworks */ = {isa = PBXBuildFile; fileRef = A337AF78810A0C241C4DD8EC /* Pods_instagramTests.framework */; };
		F5303600E6420D40A9DD4FA7 /* Pods_instagram.framework in Frameworks */ = {isa = PBXBuildFile; fileRef = B73F6ED89EAF33835FDD4FDB /* Pods_instagram.framework */; };
/* End PBXBuildFile section */

/* Begin PBXContainerItemProxy section */
		4BD001C424B3B10000208201 /* PBXContainerItemProxy */ = {
			isa = PBXContainerItemProxy;
			containerPortal = 4BD001A024B3B0FF00208201 /* Project object */;
			proxyType = 1;
			remoteGlobalIDString = 4BD001A724B3B0FF00208201;
			remoteInfo = instagram;
		};
		4BD001CF24B3B10000208201 /* PBXContainerItemProxy */ = {
			isa = PBXContainerItemProxy;
			containerPortal = 4BD001A024B3B0FF00208201 /* Project object */;
			proxyType = 1;
			remoteGlobalIDString = 4BD001A724B3B0FF00208201;
			remoteInfo = instagram;
		};
/* End PBXContainerItemProxy section */

/* Begin PBXFileReference section */
		0DEE3FE8621C6372621EC78C /* Pods-instagramTests.debug.xcconfig */ = {isa = PBXFileReference; includeInIndex = 1; lastKnownFileType = text.xcconfig; name = "Pods-instagramTests.debug.xcconfig"; path = "Target Support Files/Pods-instagramTests/Pods-instagramTests.debug.xcconfig"; sourceTree = "<group>"; };
		4B64D5A324B3DC8300932769 /* Post.h */ = {isa = PBXFileReference; lastKnownFileType = sourcecode.c.h; path = Post.h; sourceTree = "<group>"; };
		4B64D5A424B3DC8300932769 /* Post.m */ = {isa = PBXFileReference; lastKnownFileType = sourcecode.c.objc; path = Post.m; sourceTree = "<group>"; };
		4B64D5A724B3DEDB00932769 /* ComposeViewController.h */ = {isa = PBXFileReference; lastKnownFileType = sourcecode.c.h; path = ComposeViewController.h; sourceTree = "<group>"; };
		4B64D5A824B3DEDB00932769 /* ComposeViewController.m */ = {isa = PBXFileReference; lastKnownFileType = sourcecode.c.objc; path = ComposeViewController.m; sourceTree = "<group>"; };
		4B9D3BAF24B429F200AD3540 /* PostCell.h */ = {isa = PBXFileReference; lastKnownFileType = sourcecode.c.h; path = PostCell.h; sourceTree = "<group>"; };
		4B9D3BB024B429F200AD3540 /* PostCell.m */ = {isa = PBXFileReference; lastKnownFileType = sourcecode.c.objc; path = PostCell.m; sourceTree = "<group>"; };
		4BC3C0F424B3CAEB00C201F9 /* LoginViewController.h */ = {isa = PBXFileReference; lastKnownFileType = sourcecode.c.h; path = LoginViewController.h; sourceTree = "<group>"; };
		4BC3C0F524B3CAEB00C201F9 /* LoginViewController.m */ = {isa = PBXFileReference; lastKnownFileType = sourcecode.c.objc; path = LoginViewController.m; sourceTree = "<group>"; };
		4BC3C0F724B3D34A00C201F9 /* FeedViewController.h */ = {isa = PBXFileReference; lastKnownFileType = sourcecode.c.h; path = FeedViewController.h; sourceTree = "<group>"; };
		4BC3C0F824B3D34A00C201F9 /* FeedViewController.m */ = {isa = PBXFileReference; lastKnownFileType = sourcecode.c.objc; path = FeedViewController.m; sourceTree = "<group>"; };
		4BD001A824B3B0FF00208201 /* instagram.app */ = {isa = PBXFileReference; explicitFileType = wrapper.application; includeInIndex = 0; path = instagram.app; sourceTree = BUILT_PRODUCTS_DIR; };
		4BD001AB24B3B0FF00208201 /* AppDelegate.h */ = {isa = PBXFileReference; lastKnownFileType = sourcecode.c.h; path = AppDelegate.h; sourceTree = "<group>"; };
		4BD001AC24B3B0FF00208201 /* AppDelegate.m */ = {isa = PBXFileReference; lastKnownFileType = sourcecode.c.objc; path = AppDelegate.m; sourceTree = "<group>"; };
		4BD001AE24B3B0FF00208201 /* SceneDelegate.h */ = {isa = PBXFileReference; lastKnownFileType = sourcecode.c.h; path = SceneDelegate.h; sourceTree = "<group>"; };
		4BD001AF24B3B0FF00208201 /* SceneDelegate.m */ = {isa = PBXFileReference; lastKnownFileType = sourcecode.c.objc; path = SceneDelegate.m; sourceTree = "<group>"; };
		4BD001B524B3B0FF00208201 /* Base */ = {isa = PBXFileReference; lastKnownFileType = file.storyboard; name = Base; path = Base.lproj/Main.storyboard; sourceTree = "<group>"; };
		4BD001B724B3B10000208201 /* Assets.xcassets */ = {isa = PBXFileReference; lastKnownFileType = folder.assetcatalog; path = Assets.xcassets; sourceTree = "<group>"; };
		4BD001BA24B3B10000208201 /* Base */ = {isa = PBXFileReference; lastKnownFileType = file.storyboard; name = Base; path = Base.lproj/LaunchScreen.storyboard; sourceTree = "<group>"; };
		4BD001BC24B3B10000208201 /* Info.plist */ = {isa = PBXFileReference; lastKnownFileType = text.plist.xml; path = Info.plist; sourceTree = "<group>"; };
		4BD001BD24B3B10000208201 /* main.m */ = {isa = PBXFileReference; lastKnownFileType = sourcecode.c.objc; path = main.m; sourceTree = "<group>"; };
		4BD001C324B3B10000208201 /* instagramTests.xctest */ = {isa = PBXFileReference; explicitFileType = wrapper.cfbundle; includeInIndex = 0; path = instagramTests.xctest; sourceTree = BUILT_PRODUCTS_DIR; };
		4BD001C724B3B10000208201 /* instagramTests.m */ = {isa = PBXFileReference; lastKnownFileType = sourcecode.c.objc; path = instagramTests.m; sourceTree = "<group>"; };
		4BD001C924B3B10000208201 /* Info.plist */ = {isa = PBXFileReference; lastKnownFileType = text.plist.xml; path = Info.plist; sourceTree = "<group>"; };
		4BD001CE24B3B10000208201 /* instagramUITests.xctest */ = {isa = PBXFileReference; explicitFileType = wrapper.cfbundle; includeInIndex = 0; path = instagramUITests.xctest; sourceTree = BUILT_PRODUCTS_DIR; };
		4BD001D224B3B10000208201 /* instagramUITests.m */ = {isa = PBXFileReference; lastKnownFileType = sourcecode.c.objc; path = instagramUITests.m; sourceTree = "<group>"; };
		4BD001D424B3B10000208201 /* Info.plist */ = {isa = PBXFileReference; lastKnownFileType = text.plist.xml; path = Info.plist; sourceTree = "<group>"; };
		4BE5508524B514C6007E819C /* DetailViewController.h */ = {isa = PBXFileReference; lastKnownFileType = sourcecode.c.h; path = DetailViewController.h; sourceTree = "<group>"; };
		4BE5508624B514C6007E819C /* DetailViewController.m */ = {isa = PBXFileReference; lastKnownFileType = sourcecode.c.objc; path = DetailViewController.m; sourceTree = "<group>"; };
		515C29649FFAECADA39EA4B0 /* Pods-instagram.debug.xcconfig */ = {isa = PBXFileReference; includeInIndex = 1; lastKnownFileType = text.xcconfig; name = "Pods-instagram.debug.xcconfig"; path = "Target Support Files/Pods-instagram/Pods-instagram.debug.xcconfig"; sourceTree = "<group>"; };
		618FBB246A252E5FDC1F399F /* Pods-instagram.release.xcconfig */ = {isa = PBXFileReference; includeInIndex = 1; lastKnownFileType = text.xcconfig; name = "Pods-instagram.release.xcconfig"; path = "Target Support Files/Pods-instagram/Pods-instagram.release.xcconfig"; sourceTree = "<group>"; };
		A337AF78810A0C241C4DD8EC /* Pods_instagramTests.framework */ = {isa = PBXFileReference; explicitFileType = wrapper.framework; includeInIndex = 0; path = Pods_instagramTests.framework; sourceTree = BUILT_PRODUCTS_DIR; };
		AFB99AFA21B834591F8E55F4 /* Pods-instagramTests.release.xcconfig */ = {isa = PBXFileReference; includeInIndex = 1; lastKnownFileType = text.xcconfig; name = "Pods-instagramTests.release.xcconfig"; path = "Target Support Files/Pods-instagramTests/Pods-instagramTests.release.xcconfig"; sourceTree = "<group>"; };
		B621EE284C438AAE43580CC1 /* Pods-instagram-instagramUITests.debug.xcconfig */ = {isa = PBXFileReference; includeInIndex = 1; lastKnownFileType = text.xcconfig; name = "Pods-instagram-instagramUITests.debug.xcconfig"; path = "Target Support Files/Pods-instagram-instagramUITests/Pods-instagram-instagramUITests.debug.xcconfig"; sourceTree = "<group>"; };
		B73F6ED89EAF33835FDD4FDB /* Pods_instagram.framework */ = {isa = PBXFileReference; explicitFileType = wrapper.framework; includeInIndex = 0; path = Pods_instagram.framework; sourceTree = BUILT_PRODUCTS_DIR; };
		CBA965EFFFFF0657783E7016 /* Pods_instagram_instagramUITests.framework */ = {isa = PBXFileReference; explicitFileType = wrapper.framework; includeInIndex = 0; path = Pods_instagram_instagramUITests.framework; sourceTree = BUILT_PRODUCTS_DIR; };
		FC4DFC38B30BA1DC7990175A /* Pods-instagram-instagramUITests.release.xcconfig */ = {isa = PBXFileReference; includeInIndex = 1; lastKnownFileType = text.xcconfig; name = "Pods-instagram-instagramUITests.release.xcconfig"; path = "Target Support Files/Pods-instagram-instagramUITests/Pods-instagram-instagramUITests.release.xcconfig"; sourceTree = "<group>"; };
/* End PBXFileReference section */

/* Begin PBXFrameworksBuildPhase section */
		4BD001A524B3B0FF00208201 /* Frameworks */ = {
			isa = PBXFrameworksBuildPhase;
			buildActionMask = 2147483647;
			files = (
				F5303600E6420D40A9DD4FA7 /* Pods_instagram.framework in Frameworks */,
			);
			runOnlyForDeploymentPostprocessing = 0;
		};
		4BD001C024B3B10000208201 /* Frameworks */ = {
			isa = PBXFrameworksBuildPhase;
			buildActionMask = 2147483647;
			files = (
				814DC20604C5580EF883220E /* Pods_instagramTests.framework in Frameworks */,
			);
			runOnlyForDeploymentPostprocessing = 0;
		};
		4BD001CB24B3B10000208201 /* Frameworks */ = {
			isa = PBXFrameworksBuildPhase;
			buildActionMask = 2147483647;
			files = (
				5132C543DAA85E5DA03BBCEE /* Pods_instagram_instagramUITests.framework in Frameworks */,
			);
			runOnlyForDeploymentPostprocessing = 0;
		};
/* End PBXFrameworksBuildPhase section */

/* Begin PBXGroup section */
		4B64D5A624B3DC8C00932769 /* Models */ = {
			isa = PBXGroup;
			children = (
				4B64D5A324B3DC8300932769 /* Post.h */,
				4B64D5A424B3DC8300932769 /* Post.m */,
			);
			path = Models;
			sourceTree = "<group>";
		};
		4B9D3BAE24B4274C00AD3540 /* Views */ = {
			isa = PBXGroup;
			children = (
				4B9D3BAF24B429F200AD3540 /* PostCell.h */,
				4B9D3BB024B429F200AD3540 /* PostCell.m */,
			);
			path = Views;
			sourceTree = "<group>";
		};
		4BC3C0F324B3CAC900C201F9 /* View Controllers */ = {
			isa = PBXGroup;
			children = (
				4BC3C0F424B3CAEB00C201F9 /* LoginViewController.h */,
				4BC3C0F524B3CAEB00C201F9 /* LoginViewController.m */,
				4BC3C0F724B3D34A00C201F9 /* FeedViewController.h */,
				4BC3C0F824B3D34A00C201F9 /* FeedViewController.m */,
				4B64D5A724B3DEDB00932769 /* ComposeViewController.h */,
				4B64D5A824B3DEDB00932769 /* ComposeViewController.m */,
				4BE5508524B514C6007E819C /* DetailViewController.h */,
				4BE5508624B514C6007E819C /* DetailViewController.m */,
			);
			path = "View Controllers";
			sourceTree = "<group>";
		};
		4BD0019F24B3B0FF00208201 = {
			isa = PBXGroup;
			children = (
				4BD001AA24B3B0FF00208201 /* instagram */,
				4BD001C624B3B10000208201 /* instagramTests */,
				4BD001D124B3B10000208201 /* instagramUITests */,
				4BD001A924B3B0FF00208201 /* Products */,
				E3799951315B5BE122418391 /* Pods */,
				FAA43B65D256D3B272E40526 /* Frameworks */,
			);
			sourceTree = "<group>";
		};
		4BD001A924B3B0FF00208201 /* Products */ = {
			isa = PBXGroup;
			children = (
				4BD001A824B3B0FF00208201 /* instagram.app */,
				4BD001C324B3B10000208201 /* instagramTests.xctest */,
				4BD001CE24B3B10000208201 /* instagramUITests.xctest */,
			);
			name = Products;
			sourceTree = "<group>";
		};
		4BD001AA24B3B0FF00208201 /* instagram */ = {
			isa = PBXGroup;
			children = (
				4B9D3BAE24B4274C00AD3540 /* Views */,
				4B64D5A624B3DC8C00932769 /* Models */,
				4BC3C0F324B3CAC900C201F9 /* View Controllers */,
				4BD001AB24B3B0FF00208201 /* AppDelegate.h */,
				4BD001AC24B3B0FF00208201 /* AppDelegate.m */,
				4BD001AE24B3B0FF00208201 /* SceneDelegate.h */,
				4BD001AF24B3B0FF00208201 /* SceneDelegate.m */,
				4BD001B424B3B0FF00208201 /* Main.storyboard */,
				4BD001B724B3B10000208201 /* Assets.xcassets */,
				4BD001B924B3B10000208201 /* LaunchScreen.storyboard */,
				4BD001BC24B3B10000208201 /* Info.plist */,
				4BD001BD24B3B10000208201 /* main.m */,
			);
			path = instagram;
			sourceTree = "<group>";
		};
		4BD001C624B3B10000208201 /* instagramTests */ = {
			isa = PBXGroup;
			children = (
				4BD001C724B3B10000208201 /* instagramTests.m */,
				4BD001C924B3B10000208201 /* Info.plist */,
			);
			path = instagramTests;
			sourceTree = "<group>";
		};
		4BD001D124B3B10000208201 /* instagramUITests */ = {
			isa = PBXGroup;
			children = (
				4BD001D224B3B10000208201 /* instagramUITests.m */,
				4BD001D424B3B10000208201 /* Info.plist */,
			);
			path = instagramUITests;
			sourceTree = "<group>";
		};
		E3799951315B5BE122418391 /* Pods */ = {
			isa = PBXGroup;
			children = (
				515C29649FFAECADA39EA4B0 /* Pods-instagram.debug.xcconfig */,
				618FBB246A252E5FDC1F399F /* Pods-instagram.release.xcconfig */,
				B621EE284C438AAE43580CC1 /* Pods-instagram-instagramUITests.debug.xcconfig */,
				FC4DFC38B30BA1DC7990175A /* Pods-instagram-instagramUITests.release.xcconfig */,
				0DEE3FE8621C6372621EC78C /* Pods-instagramTests.debug.xcconfig */,
				AFB99AFA21B834591F8E55F4 /* Pods-instagramTests.release.xcconfig */,
			);
			path = Pods;
			sourceTree = "<group>";
		};
		FAA43B65D256D3B272E40526 /* Frameworks */ = {
			isa = PBXGroup;
			children = (
				B73F6ED89EAF33835FDD4FDB /* Pods_instagram.framework */,
				CBA965EFFFFF0657783E7016 /* Pods_instagram_instagramUITests.framework */,
				A337AF78810A0C241C4DD8EC /* Pods_instagramTests.framework */,
			);
			name = Frameworks;
			sourceTree = "<group>";
		};
/* End PBXGroup section */

/* Begin PBXNativeTarget section */
		4BD001A724B3B0FF00208201 /* instagram */ = {
			isa = PBXNativeTarget;
			buildConfigurationList = 4BD001D724B3B10000208201 /* Build configuration list for PBXNativeTarget "instagram" */;
			buildPhases = (
				4D089E32DEA0106A49E10FF5 /* [CP] Check Pods Manifest.lock */,
				4BD001A424B3B0FF00208201 /* Sources */,
				4BD001A524B3B0FF00208201 /* Frameworks */,
				4BD001A624B3B0FF00208201 /* Resources */,
				27DCE3AE2E65C785A1E10459 /* [CP] Embed Pods Frameworks */,
			);
			buildRules = (
			);
			dependencies = (
			);
			name = instagram;
			productName = instagram;
			productReference = 4BD001A824B3B0FF00208201 /* instagram.app */;
			productType = "com.apple.product-type.application";
		};
		4BD001C224B3B10000208201 /* instagramTests */ = {
			isa = PBXNativeTarget;
			buildConfigurationList = 4BD001DA24B3B10000208201 /* Build configuration list for PBXNativeTarget "instagramTests" */;
			buildPhases = (
				501CE641223038D821646261 /* [CP] Check Pods Manifest.lock */,
				4BD001BF24B3B10000208201 /* Sources */,
				4BD001C024B3B10000208201 /* Frameworks */,
				4BD001C124B3B10000208201 /* Resources */,
			);
			buildRules = (
			);
			dependencies = (
				4BD001C524B3B10000208201 /* PBXTargetDependency */,
			);
			name = instagramTests;
			productName = instagramTests;
			productReference = 4BD001C324B3B10000208201 /* instagramTests.xctest */;
			productType = "com.apple.product-type.bundle.unit-test";
		};
		4BD001CD24B3B10000208201 /* instagramUITests */ = {
			isa = PBXNativeTarget;
			buildConfigurationList = 4BD001DD24B3B10000208201 /* Build configuration list for PBXNativeTarget "instagramUITests" */;
			buildPhases = (
				A65880B46DCFD609ED76F97A /* [CP] Check Pods Manifest.lock */,
				4BD001CA24B3B10000208201 /* Sources */,
				4BD001CB24B3B10000208201 /* Frameworks */,
				4BD001CC24B3B10000208201 /* Resources */,
				E4E967148E1BEAEB6CFDDAF5 /* [CP] Embed Pods Frameworks */,
			);
			buildRules = (
			);
			dependencies = (
				4BD001D024B3B10000208201 /* PBXTargetDependency */,
			);
			name = instagramUITests;
			productName = instagramUITests;
			productReference = 4BD001CE24B3B10000208201 /* instagramUITests.xctest */;
			productType = "com.apple.product-type.bundle.ui-testing";
		};
/* End PBXNativeTarget section */

/* Begin PBXProject section */
		4BD001A024B3B0FF00208201 /* Project object */ = {
			isa = PBXProject;
			attributes = {
				LastUpgradeCheck = 1150;
				ORGANIZATIONNAME = dkaviani;
				TargetAttributes = {
					4BD001A724B3B0FF00208201 = {
						CreatedOnToolsVersion = 11.5;
					};
					4BD001C224B3B10000208201 = {
						CreatedOnToolsVersion = 11.5;
						TestTargetID = 4BD001A724B3B0FF00208201;
					};
					4BD001CD24B3B10000208201 = {
						CreatedOnToolsVersion = 11.5;
						TestTargetID = 4BD001A724B3B0FF00208201;
					};
				};
			};
			buildConfigurationList = 4BD001A324B3B0FF00208201 /* Build configuration list for PBXProject "instagram" */;
			compatibilityVersion = "Xcode 9.3";
			developmentRegion = en;
			hasScannedForEncodings = 0;
			knownRegions = (
				en,
				Base,
			);
			mainGroup = 4BD0019F24B3B0FF00208201;
			productRefGroup = 4BD001A924B3B0FF00208201 /* Products */;
			projectDirPath = "";
			projectRoot = "";
			targets = (
				4BD001A724B3B0FF00208201 /* instagram */,
				4BD001C224B3B10000208201 /* instagramTests */,
				4BD001CD24B3B10000208201 /* instagramUITests */,
			);
		};
/* End PBXProject section */

/* Begin PBXResourcesBuildPhase section */
		4BD001A624B3B0FF00208201 /* Resources */ = {
			isa = PBXResourcesBuildPhase;
			buildActionMask = 2147483647;
			files = (
				4BD001BB24B3B10000208201 /* LaunchScreen.storyboard in Resources */,
				4BD001B824B3B10000208201 /* Assets.xcassets in Resources */,
				4BD001B624B3B0FF00208201 /* Main.storyboard in Resources */,
			);
			runOnlyForDeploymentPostprocessing = 0;
		};
		4BD001C124B3B10000208201 /* Resources */ = {
			isa = PBXResourcesBuildPhase;
			buildActionMask = 2147483647;
			files = (
			);
			runOnlyForDeploymentPostprocessing = 0;
		};
		4BD001CC24B3B10000208201 /* Resources */ = {
			isa = PBXResourcesBuildPhase;
			buildActionMask = 2147483647;
			files = (
			);
			runOnlyForDeploymentPostprocessing = 0;
		};
/* End PBXResourcesBuildPhase section */

/* Begin PBXShellScriptBuildPhase section */
		27DCE3AE2E65C785A1E10459 /* [CP] Embed Pods Frameworks */ = {
			isa = PBXShellScriptBuildPhase;
			buildActionMask = 2147483647;
			files = (
			);
			inputFileListPaths = (
				"${PODS_ROOT}/Target Support Files/Pods-instagram/Pods-instagram-frameworks-${CONFIGURATION}-input-files.xcfilelist",
			);
			name = "[CP] Embed Pods Frameworks";
			outputFileListPaths = (
				"${PODS_ROOT}/Target Support Files/Pods-instagram/Pods-instagram-frameworks-${CONFIGURATION}-output-files.xcfilelist",
			);
			runOnlyForDeploymentPostprocessing = 0;
			shellPath = /bin/sh;
			shellScript = "\"${PODS_ROOT}/Target Support Files/Pods-instagram/Pods-instagram-frameworks.sh\"\n";
			showEnvVarsInLog = 0;
		};
		4D089E32DEA0106A49E10FF5 /* [CP] Check Pods Manifest.lock */ = {
			isa = PBXShellScriptBuildPhase;
			buildActionMask = 2147483647;
			files = (
			);
			inputFileListPaths = (
			);
			inputPaths = (
				"${PODS_PODFILE_DIR_PATH}/Podfile.lock",
				"${PODS_ROOT}/Manifest.lock",
			);
			name = "[CP] Check Pods Manifest.lock";
			outputFileListPaths = (
			);
			outputPaths = (
				"$(DERIVED_FILE_DIR)/Pods-instagram-checkManifestLockResult.txt",
			);
			runOnlyForDeploymentPostprocessing = 0;
			shellPath = /bin/sh;
			shellScript = "diff \"${PODS_PODFILE_DIR_PATH}/Podfile.lock\" \"${PODS_ROOT}/Manifest.lock\" > /dev/null\nif [ $? != 0 ] ; then\n    # print error to STDERR\n    echo \"error: The sandbox is not in sync with the Podfile.lock. Run 'pod install' or update your CocoaPods installation.\" >&2\n    exit 1\nfi\n# This output is used by Xcode 'outputs' to avoid re-running this script phase.\necho \"SUCCESS\" > \"${SCRIPT_OUTPUT_FILE_0}\"\n";
			showEnvVarsInLog = 0;
		};
		501CE641223038D821646261 /* [CP] Check Pods Manifest.lock */ = {
			isa = PBXShellScriptBuildPhase;
			buildActionMask = 2147483647;
			files = (
			);
			inputFileListPaths = (
			);
			inputPaths = (
				"${PODS_PODFILE_DIR_PATH}/Podfile.lock",
				"${PODS_ROOT}/Manifest.lock",
			);
			name = "[CP] Check Pods Manifest.lock";
			outputFileListPaths = (
			);
			outputPaths = (
				"$(DERIVED_FILE_DIR)/Pods-instagramTests-checkManifestLockResult.txt",
			);
			runOnlyForDeploymentPostprocessing = 0;
			shellPath = /bin/sh;
			shellScript = "diff \"${PODS_PODFILE_DIR_PATH}/Podfile.lock\" \"${PODS_ROOT}/Manifest.lock\" > /dev/null\nif [ $? != 0 ] ; then\n    # print error to STDERR\n    echo \"error: The sandbox is not in sync with the Podfile.lock. Run 'pod install' or update your CocoaPods installation.\" >&2\n    exit 1\nfi\n# This output is used by Xcode 'outputs' to avoid re-running this script phase.\necho \"SUCCESS\" > \"${SCRIPT_OUTPUT_FILE_0}\"\n";
			showEnvVarsInLog = 0;
		};
		A65880B46DCFD609ED76F97A /* [CP] Check Pods Manifest.lock */ = {
			isa = PBXShellScriptBuildPhase;
			buildActionMask = 2147483647;
			files = (
			);
			inputFileListPaths = (
			);
			inputPaths = (
				"${PODS_PODFILE_DIR_PATH}/Podfile.lock",
				"${PODS_ROOT}/Manifest.lock",
			);
			name = "[CP] Check Pods Manifest.lock";
			outputFileListPaths = (
			);
			outputPaths = (
				"$(DERIVED_FILE_DIR)/Pods-instagram-instagramUITests-checkManifestLockResult.txt",
			);
			runOnlyForDeploymentPostprocessing = 0;
			shellPath = /bin/sh;
			shellScript = "diff \"${PODS_PODFILE_DIR_PATH}/Podfile.lock\" \"${PODS_ROOT}/Manifest.lock\" > /dev/null\nif [ $? != 0 ] ; then\n    # print error to STDERR\n    echo \"error: The sandbox is not in sync with the Podfile.lock. Run 'pod install' or update your CocoaPods installation.\" >&2\n    exit 1\nfi\n# This output is used by Xcode 'outputs' to avoid re-running this script phase.\necho \"SUCCESS\" > \"${SCRIPT_OUTPUT_FILE_0}\"\n";
			showEnvVarsInLog = 0;
		};
		E4E967148E1BEAEB6CFDDAF5 /* [CP] Embed Pods Frameworks */ = {
			isa = PBXShellScriptBuildPhase;
			buildActionMask = 2147483647;
			files = (
			);
			inputFileListPaths = (
				"${PODS_ROOT}/Target Support Files/Pods-instagram-instagramUITests/Pods-instagram-instagramUITests-frameworks-${CONFIGURATION}-input-files.xcfilelist",
			);
			name = "[CP] Embed Pods Frameworks";
			outputFileListPaths = (
				"${PODS_ROOT}/Target Support Files/Pods-instagram-instagramUITests/Pods-instagram-instagramUITests-frameworks-${CONFIGURATION}-output-files.xcfilelist",
			);
			runOnlyForDeploymentPostprocessing = 0;
			shellPath = /bin/sh;
			shellScript = "\"${PODS_ROOT}/Target Support Files/Pods-instagram-instagramUITests/Pods-instagram-instagramUITests-frameworks.sh\"\n";
			showEnvVarsInLog = 0;
		};
/* End PBXShellScriptBuildPhase section */

/* Begin PBXSourcesBuildPhase section */
		4BD001A424B3B0FF00208201 /* Sources */ = {
			isa = PBXSourcesBuildPhase;
			buildActionMask = 2147483647;
			files = (
				4BC3C0F624B3CAEB00C201F9 /* LoginViewController.m in Sources */,
				4B64D5A524B3DC8300932769 /* Post.m in Sources */,
				4BE5508724B514C6007E819C /* DetailViewController.m in Sources */,
				4BC3C0F924B3D34A00C201F9 /* FeedViewController.m in Sources */,
				4B9D3BB124B429F200AD3540 /* PostCell.m in Sources */,
				4BD001AD24B3B0FF00208201 /* AppDelegate.m in Sources */,
				4B64D5A924B3DEDB00932769 /* ComposeViewController.m in Sources */,
				4BD001BE24B3B10000208201 /* main.m in Sources */,
				4BD001B024B3B0FF00208201 /* SceneDelegate.m in Sources */,
			);
			runOnlyForDeploymentPostprocessing = 0;
		};
		4BD001BF24B3B10000208201 /* Sources */ = {
			isa = PBXSourcesBuildPhase;
			buildActionMask = 2147483647;
			files = (
				4BD001C824B3B10000208201 /* instagramTests.m in Sources */,
			);
			runOnlyForDeploymentPostprocessing = 0;
		};
		4BD001CA24B3B10000208201 /* Sources */ = {
			isa = PBXSourcesBuildPhase;
			buildActionMask = 2147483647;
			files = (
				4BD001D324B3B10000208201 /* instagramUITests.m in Sources */,
			);
			runOnlyForDeploymentPostprocessing = 0;
		};
/* End PBXSourcesBuildPhase section */

/* Begin PBXTargetDependency section */
		4BD001C524B3B10000208201 /* PBXTargetDependency */ = {
			isa = PBXTargetDependency;
			target = 4BD001A724B3B0FF00208201 /* instagram */;
			targetProxy = 4BD001C424B3B10000208201 /* PBXContainerItemProxy */;
		};
		4BD001D024B3B10000208201 /* PBXTargetDependency */ = {
			isa = PBXTargetDependency;
			target = 4BD001A724B3B0FF00208201 /* instagram */;
			targetProxy = 4BD001CF24B3B10000208201 /* PBXContainerItemProxy */;
		};
/* End PBXTargetDependency section */

/* Begin PBXVariantGroup section */
		4BD001B424B3B0FF00208201 /* Main.storyboard */ = {
			isa = PBXVariantGroup;
			children = (
				4BD001B524B3B0FF00208201 /* Base */,
			);
			name = Main.storyboard;
			sourceTree = "<group>";
		};
		4BD001B924B3B10000208201 /* LaunchScreen.storyboard */ = {
			isa = PBXVariantGroup;
			children = (
				4BD001BA24B3B10000208201 /* Base */,
			);
			name = LaunchScreen.storyboard;
			sourceTree = "<group>";
		};
/* End PBXVariantGroup section */

/* Begin XCBuildConfiguration section */
		4BD001D524B3B10000208201 /* Debug */ = {
			isa = XCBuildConfiguration;
			buildSettings = {
				ALWAYS_SEARCH_USER_PATHS = NO;
				CLANG_ANALYZER_NONNULL = YES;
				CLANG_ANALYZER_NUMBER_OBJECT_CONVERSION = YES_AGGRESSIVE;
				CLANG_CXX_LANGUAGE_STANDARD = "gnu++14";
				CLANG_CXX_LIBRARY = "libc++";
				CLANG_ENABLE_MODULES = YES;
				CLANG_ENABLE_OBJC_ARC = YES;
				CLANG_ENABLE_OBJC_WEAK = YES;
				CLANG_WARN_BLOCK_CAPTURE_AUTORELEASING = YES;
				CLANG_WARN_BOOL_CONVERSION = YES;
				CLANG_WARN_COMMA = YES;
				CLANG_WARN_CONSTANT_CONVERSION = YES;
				CLANG_WARN_DEPRECATED_OBJC_IMPLEMENTATIONS = YES;
				CLANG_WARN_DIRECT_OBJC_ISA_USAGE = YES_ERROR;
				CLANG_WARN_DOCUMENTATION_COMMENTS = YES;
				CLANG_WARN_EMPTY_BODY = YES;
				CLANG_WARN_ENUM_CONVERSION = YES;
				CLANG_WARN_INFINITE_RECURSION = YES;
				CLANG_WARN_INT_CONVERSION = YES;
				CLANG_WARN_NON_LITERAL_NULL_CONVERSION = YES;
				CLANG_WARN_OBJC_IMPLICIT_RETAIN_SELF = YES;
				CLANG_WARN_OBJC_LITERAL_CONVERSION = YES;
				CLANG_WARN_OBJC_ROOT_CLASS = YES_ERROR;
				CLANG_WARN_RANGE_LOOP_ANALYSIS = YES;
				CLANG_WARN_STRICT_PROTOTYPES = YES;
				CLANG_WARN_SUSPICIOUS_MOVE = YES;
				CLANG_WARN_UNGUARDED_AVAILABILITY = YES_AGGRESSIVE;
				CLANG_WARN_UNREACHABLE_CODE = YES;
				CLANG_WARN__DUPLICATE_METHOD_MATCH = YES;
				COPY_PHASE_STRIP = NO;
				DEBUG_INFORMATION_FORMAT = dwarf;
				ENABLE_STRICT_OBJC_MSGSEND = YES;
				ENABLE_TESTABILITY = YES;
				GCC_C_LANGUAGE_STANDARD = gnu11;
				GCC_DYNAMIC_NO_PIC = NO;
				GCC_NO_COMMON_BLOCKS = YES;
				GCC_OPTIMIZATION_LEVEL = 0;
				GCC_PREPROCESSOR_DEFINITIONS = (
					"DEBUG=1",
					"$(inherited)",
				);
				GCC_WARN_64_TO_32_BIT_CONVERSION = YES;
				GCC_WARN_ABOUT_RETURN_TYPE = YES_ERROR;
				GCC_WARN_UNDECLARED_SELECTOR = YES;
				GCC_WARN_UNINITIALIZED_AUTOS = YES_AGGRESSIVE;
				GCC_WARN_UNUSED_FUNCTION = YES;
				GCC_WARN_UNUSED_VARIABLE = YES;
				IPHONEOS_DEPLOYMENT_TARGET = 13.5;
				MTL_ENABLE_DEBUG_INFO = INCLUDE_SOURCE;
				MTL_FAST_MATH = YES;
				ONLY_ACTIVE_ARCH = YES;
				SDKROOT = iphoneos;
			};
			name = Debug;
		};
		4BD001D624B3B10000208201 /* Release */ = {
			isa = XCBuildConfiguration;
			buildSettings = {
				ALWAYS_SEARCH_USER_PATHS = NO;
				CLANG_ANALYZER_NONNULL = YES;
				CLANG_ANALYZER_NUMBER_OBJECT_CONVERSION = YES_AGGRESSIVE;
				CLANG_CXX_LANGUAGE_STANDARD = "gnu++14";
				CLANG_CXX_LIBRARY = "libc++";
				CLANG_ENABLE_MODULES = YES;
				CLANG_ENABLE_OBJC_ARC = YES;
				CLANG_ENABLE_OBJC_WEAK = YES;
				CLANG_WARN_BLOCK_CAPTURE_AUTORELEASING = YES;
				CLANG_WARN_BOOL_CONVERSION = YES;
				CLANG_WARN_COMMA = YES;
				CLANG_WARN_CONSTANT_CONVERSION = YES;
				CLANG_WARN_DEPRECATED_OBJC_IMPLEMENTATIONS = YES;
				CLANG_WARN_DIRECT_OBJC_ISA_USAGE = YES_ERROR;
				CLANG_WARN_DOCUMENTATION_COMMENTS = YES;
				CLANG_WARN_EMPTY_BODY = YES;
				CLANG_WARN_ENUM_CONVERSION = YES;
				CLANG_WARN_INFINITE_RECURSION = YES;
				CLANG_WARN_INT_CONVERSION = YES;
				CLANG_WARN_NON_LITERAL_NULL_CONVERSION = YES;
				CLANG_WARN_OBJC_IMPLICIT_RETAIN_SELF = YES;
				CLANG_WARN_OBJC_LITERAL_CONVERSION = YES;
				CLANG_WARN_OBJC_ROOT_CLASS = YES_ERROR;
				CLANG_WARN_RANGE_LOOP_ANALYSIS = YES;
				CLANG_WARN_STRICT_PROTOTYPES = YES;
				CLANG_WARN_SUSPICIOUS_MOVE = YES;
				CLANG_WARN_UNGUARDED_AVAILABILITY = YES_AGGRESSIVE;
				CLANG_WARN_UNREACHABLE_CODE = YES;
				CLANG_WARN__DUPLICATE_METHOD_MATCH = YES;
				COPY_PHASE_STRIP = NO;
				DEBUG_INFORMATION_FORMAT = "dwarf-with-dsym";
				ENABLE_NS_ASSERTIONS = NO;
				ENABLE_STRICT_OBJC_MSGSEND = YES;
				GCC_C_LANGUAGE_STANDARD = gnu11;
				GCC_NO_COMMON_BLOCKS = YES;
				GCC_WARN_64_TO_32_BIT_CONVERSION = YES;
				GCC_WARN_ABOUT_RETURN_TYPE = YES_ERROR;
				GCC_WARN_UNDECLARED_SELECTOR = YES;
				GCC_WARN_UNINITIALIZED_AUTOS = YES_AGGRESSIVE;
				GCC_WARN_UNUSED_FUNCTION = YES;
				GCC_WARN_UNUSED_VARIABLE = YES;
				IPHONEOS_DEPLOYMENT_TARGET = 13.5;
				MTL_ENABLE_DEBUG_INFO = NO;
				MTL_FAST_MATH = YES;
				SDKROOT = iphoneos;
				VALIDATE_PRODUCT = YES;
			};
			name = Release;
		};
		4BD001D824B3B10000208201 /* Debug */ = {
			isa = XCBuildConfiguration;
			baseConfigurationReference = 515C29649FFAECADA39EA4B0 /* Pods-instagram.debug.xcconfig */;
			buildSettings = {
				ASSETCATALOG_COMPILER_APPICON_NAME = AppIcon;
				CODE_SIGN_STYLE = Automatic;
				DEVELOPMENT_TEAM = R59J689FUY;
				INFOPLIST_FILE = instagram/Info.plist;
				LD_RUNPATH_SEARCH_PATHS = (
					"$(inherited)",
					"@executable_path/Frameworks",
				);
				PRODUCT_BUNDLE_IDENTIFIER = com.dkaviani.instagram;
				PRODUCT_NAME = "$(TARGET_NAME)";
				TARGETED_DEVICE_FAMILY = "1,2";
			};
			name = Debug;
		};
		4BD001D924B3B10000208201 /* Release */ = {
			isa = XCBuildConfiguration;
			baseConfigurationReference = 618FBB246A252E5FDC1F399F /* Pods-instagram.release.xcconfig */;
			buildSettings = {
				ASSETCATALOG_COMPILER_APPICON_NAME = AppIcon;
				CODE_SIGN_STYLE = Automatic;
				DEVELOPMENT_TEAM = R59J689FUY;
				INFOPLIST_FILE = instagram/Info.plist;
				LD_RUNPATH_SEARCH_PATHS = (
					"$(inherited)",
					"@executable_path/Frameworks",
				);
				PRODUCT_BUNDLE_IDENTIFIER = com.dkaviani.instagram;
				PRODUCT_NAME = "$(TARGET_NAME)";
				TARGETED_DEVICE_FAMILY = "1,2";
			};
			name = Release;
		};
		4BD001DB24B3B10000208201 /* Debug */ = {
			isa = XCBuildConfiguration;
			baseConfigurationReference = 0DEE3FE8621C6372621EC78C /* Pods-instagramTests.debug.xcconfig */;
			buildSettings = {
				BUNDLE_LOADER = "$(TEST_HOST)";
				CODE_SIGN_STYLE = Automatic;
				INFOPLIST_FILE = instagramTests/Info.plist;
				IPHONEOS_DEPLOYMENT_TARGET = 13.5;
				LD_RUNPATH_SEARCH_PATHS = (
					"$(inherited)",
					"@executable_path/Frameworks",
					"@loader_path/Frameworks",
				);
				PRODUCT_BUNDLE_IDENTIFIER = com.dkaviani.instagramTests;
				PRODUCT_NAME = "$(TARGET_NAME)";
				TARGETED_DEVICE_FAMILY = "1,2";
				TEST_HOST = "$(BUILT_PRODUCTS_DIR)/instagram.app/instagram";
			};
			name = Debug;
		};
		4BD001DC24B3B10000208201 /* Release */ = {
			isa = XCBuildConfiguration;
			baseConfigurationReference = AFB99AFA21B834591F8E55F4 /* Pods-instagramTests.release.xcconfig */;
			buildSettings = {
				BUNDLE_LOADER = "$(TEST_HOST)";
				CODE_SIGN_STYLE = Automatic;
				INFOPLIST_FILE = instagramTests/Info.plist;
				IPHONEOS_DEPLOYMENT_TARGET = 13.5;
				LD_RUNPATH_SEARCH_PATHS = (
					"$(inherited)",
					"@executable_path/Frameworks",
					"@loader_path/Frameworks",
				);
				PRODUCT_BUNDLE_IDENTIFIER = com.dkaviani.instagramTests;
				PRODUCT_NAME = "$(TARGET_NAME)";
				TARGETED_DEVICE_FAMILY = "1,2";
				TEST_HOST = "$(BUILT_PRODUCTS_DIR)/instagram.app/instagram";
			};
			name = Release;
		};
		4BD001DE24B3B10000208201 /* Debug */ = {
			isa = XCBuildConfiguration;
			baseConfigurationReference = B621EE284C438AAE43580CC1 /* Pods-instagram-instagramUITests.debug.xcconfig */;
			buildSettings = {
				CODE_SIGN_STYLE = Automatic;
				INFOPLIST_FILE = instagramUITests/Info.plist;
				LD_RUNPATH_SEARCH_PATHS = (
					"$(inherited)",
					"@executable_path/Frameworks",
					"@loader_path/Frameworks",
				);
				PRODUCT_BUNDLE_IDENTIFIER = com.dkaviani.instagramUITests;
				PRODUCT_NAME = "$(TARGET_NAME)";
				TARGETED_DEVICE_FAMILY = "1,2";
				TEST_TARGET_NAME = instagram;
			};
			name = Debug;
		};
		4BD001DF24B3B10000208201 /* Release */ = {
			isa = XCBuildConfiguration;
			baseConfigurationReference = FC4DFC38B30BA1DC7990175A /* Pods-instagram-instagramUITests.release.xcconfig */;
			buildSettings = {
				CODE_SIGN_STYLE = Automatic;
				INFOPLIST_FILE = instagramUITests/Info.plist;
				LD_RUNPATH_SEARCH_PATHS = (
					"$(inherited)",
					"@executable_path/Frameworks",
					"@loader_path/Frameworks",
				);
				PRODUCT_BUNDLE_IDENTIFIER = com.dkaviani.instagramUITests;
				PRODUCT_NAME = "$(TARGET_NAME)";
				TARGETED_DEVICE_FAMILY = "1,2";
				TEST_TARGET_NAME = instagram;
			};
			name = Release;
		};
/* End XCBuildConfiguration section */

/* Begin XCConfigurationList section */
		4BD001A324B3B0FF00208201 /* Build configuration list for PBXProject "instagram" */ = {
			isa = XCConfigurationList;
			buildConfigurations = (
				4BD001D524B3B10000208201 /* Debug */,
				4BD001D624B3B10000208201 /* Release */,
			);
			defaultConfigurationIsVisible = 0;
			defaultConfigurationName = Release;
		};
		4BD001D724B3B10000208201 /* Build configuration list for PBXNativeTarget "instagram" */ = {
			isa = XCConfigurationList;
			buildConfigurations = (
				4BD001D824B3B10000208201 /* Debug */,
				4BD001D924B3B10000208201 /* Release */,
			);
			defaultConfigurationIsVisible = 0;
			defaultConfigurationName = Release;
		};
		4BD001DA24B3B10000208201 /* Build configuration list for PBXNativeTarget "instagramTests" */ = {
			isa = XCConfigurationList;
			buildConfigurations = (
				4BD001DB24B3B10000208201 /* Debug */,
				4BD001DC24B3B10000208201 /* Release */,
			);
			defaultConfigurationIsVisible = 0;
			defaultConfigurationName = Release;
		};
		4BD001DD24B3B10000208201 /* Build configuration list for PBXNativeTarget "instagramUITests" */ = {
			isa = XCConfigurationList;
			buildConfigurations = (
				4BD001DE24B3B10000208201 /* Debug */,
				4BD001DF24B3B10000208201 /* Release */,
			);
			defaultConfigurationIsVisible = 0;
			defaultConfigurationName = Release;
		};
/* End XCConfigurationList section */
	};
	rootObject = 4BD001A024B3B0FF00208201 /* Project object */;
}
